video:
  SNSBlock:
    :columns:
    - objectId:
      :source: _id
      :type: TEXT
    - createdAt:
      :source: _created_at
      :type: TIMESTAMPTZ
    - updatedAt:
      :source: _updated_at
      :type: TIMESTAMPTZ
    - _rperm: TEXT ARRAY
    - _wperm: TEXT ARRAY
    - blockedBy:
      :source: _p_blockedBy
      :type: TEXT
    - blocked: TEXT
      :source: _p_blocked
      :type: TEXT
    - memberId: DOUBLE PRECISION
    - networkName: TEXT
    :meta:
      :table: SNSBlock
      :extra_props: false

